
Microsoft Visual Studio Solution File, Format Version 12.00
# Visual Studio Version 17
VisualStudioVersion = 17.0.31903.59
MinimumVisualStudioVersion = 10.0.40219.1
Project("{2150E333-8FDC-42A3-9474-1A3956D46DE8}") = "src", "src", "{203CD29B-73BC-4D17-B11E-019C6C2427FD}"
EndProject
Project("{FAE04EC0-301F-11D3-BF4B-00C04F79EFBC}") = "OpsPulse.Web", "src\OpsPulse.Web\OpsPulse.Web.csproj", "{FA2F8199-46DB-4ADD-8429-31B9D218C10F}"
EndProject
Project("{2150E333-8FDC-42A3-9474-1A3956D46DE8}") = "tests", "tests", "{134C6D4B-DCC9-44D7-AEC6-E86B769627E8}"
EndProject
Project("{FAE04EC0-301F-11D3-BF4B-00C04F79EFBC}") = "OpsPulse.Tests", "tests\OpsPulse.Tests\OpsPulse.Tests.csproj", "{92340927-E19F-453B-881D-199A69A36843}"
EndProject
Global
	GlobalSection(SolutionConfigurationPlatforms) = preSolution
		Debug|Any CPU = Debug|Any CPU
		Release|Any CPU = Release|Any CPU
	EndGlobalSection
	GlobalSection(SolutionProperties) = preSolution
		HideSolutionNode = FALSE
	EndGlobalSection
	GlobalSection(ProjectConfigurationPlatforms) = postSolution
		{FA2F8199-46DB-4ADD-8429-31B9D218C10F}.Debug|Any CPU.ActiveCfg = Debug|Any CPU
		{FA2F8199-46DB-4ADD-8429-31B9D218C10F}.Debug|Any CPU.Build.0 = Debug|Any CPU
		{FA2F8199-46DB-4ADD-8429-31B9D218C10F}.Release|Any CPU.ActiveCfg = Release|Any CPU
		{FA2F8199-46DB-4ADD-8429-31B9D218C10F}.Release|Any CPU.Build.0 = Release|Any CPU
		{92340927-E19F-453B-881D-199A69A36843}.Debug|Any CPU.ActiveCfg = Debug|Any CPU
		{92340927-E19F-453B-881D-199A69A36843}.Debug|Any CPU.Build.0 = Debug|Any CPU
		{92340927-E19F-453B-881D-199A69A36843}.Release|Any CPU.ActiveCfg = Release|Any CPU
		{92340927-E19F-453B-881D-199A69A36843}.Release|Any CPU.Build.0 = Release|Any CPU
	EndGlobalSection
	GlobalSection(NestedProjects) = preSolution
		{FA2F8199-46DB-4ADD-8429-31B9D218C10F} = {203CD29B-73BC-4D17-B11E-019C6C2427FD}
		{92340927-E19F-453B-881D-199A69A36843} = {134C6D4B-DCC9-44D7-AEC6-E86B769627E8}
	EndGlobalSection
EndGlobal
